
Microsoft Visual Studio Solution File, Format Version 12.00
# Visual Studio Version 17
VisualStudioVersion = 17.6.33723.286
MinimumVisualStudioVersion = 10.0.40219.1
Project("{FAE04EC0-301F-11D3-BF4B-00C04F79EFBC}") = "GoogleCloud_Sample7", "GoogleCloud_Sample7.csproj", "{52E226C4-E68B-4C4C-A995-8A6AFB223C11}"
EndProject
Global
	GlobalSection(SolutionConfigurationPlatforms) = preSolution
		Debug|Any CPU = Debug|Any CPU
		Release|Any CPU = Release|Any CPU
	EndGlobalSection
	GlobalSection(ProjectConfigurationPlatforms) = postSolution
		{52E226C4-E68B-4C4C-A995-8A6AFB223C11}.Debug|Any CPU.ActiveCfg = Debug|Any CPU
		{52E226C4-E68B-4C4C-A995-8A6AFB223C11}.Debug|Any CPU.Build.0 = Debug|Any CPU
		{52E226C4-E68B-4C4C-A995-8A6AFB223C11}.Release|Any CPU.ActiveCfg = Release|Any CPU
		{52E226C4-E68B-4C4C-A995-8A6AFB223C11}.Release|Any CPU.Build.0 = Release|Any CPU
	EndGlobalSection
	GlobalSection(SolutionProperties) = preSolution
		HideSolutionNode = FALSE
	EndGlobalSection
	GlobalSection(ExtensibilityGlobals) = postSolution
		SolutionGuid = {5782227E-E745-40F8-9AED-17A004A63B5D}
	EndGlobalSection
EndGlobal
